
Microsoft Visual Studio Solution File, Format Version 12.00
# Visual Studio Version 16
VisualStudioVersion = 16.0.30011.22
MinimumVisualStudioVersion = 10.0.40219.1
Project("{9A19103F-16F7-4668-BE54-9A1E7A4F7556}") = "PiggyBank", "PiggyBank.csproj", "{DC67EF94-EF51-4C6A-9171-6DEB5A9B3729}"
EndProject
Global
	GlobalSection(SolutionConfigurationPlatforms) = preSolution
		Debug|Any CPU = Debug|Any CPU
		Release|Any CPU = Release|Any CPU
	EndGlobalSection
	GlobalSection(ProjectConfigurationPlatforms) = postSolution
		{DC67EF94-EF51-4C6A-9171-6DEB5A9B3729}.Debug|Any CPU.ActiveCfg = Debug|Any CPU
		{DC67EF94-EF51-4C6A-9171-6DEB5A9B3729}.Debug|Any CPU.Build.0 = Debug|Any CPU
		{DC67EF94-EF51-4C6A-9171-6DEB5A9B3729}.Release|Any CPU.ActiveCfg = Release|Any CPU
		{DC67EF94-EF51-4C6A-9171-6DEB5A9B3729}.Release|Any CPU.Build.0 = Release|Any CPU
	EndGlobalSection
	GlobalSection(SolutionProperties) = preSolution
		HideSolutionNode = FALSE
	EndGlobalSection
	GlobalSection(ExtensibilityGlobals) = postSolution
		SolutionGuid = {10EF9C2F-D77D-4F46-9DB4-ED94A9C28E85}
	EndGlobalSection
EndGlobal
